
Microsoft Visual Studio Solution File, Format Version 12.00
# Visual Studio Version 17
VisualStudioVersion = 17.2.32519.379
MinimumVisualStudioVersion = 10.0.40219.1
Project("{FAE04EC0-301F-11D3-BF4B-00C04F79EFBC}") = "Tiket Online", "Tiket Online\Tiket Online.csproj", "{9E7594EF-76BF-4087-9119-A590F7D36CA4}"
EndProject
Global
	GlobalSection(SolutionConfigurationPlatforms) = preSolution
		Debug|Any CPU = Debug|Any CPU
		Release|Any CPU = Release|Any CPU
	EndGlobalSection
	GlobalSection(ProjectConfigurationPlatforms) = postSolution
		{9E7594EF-76BF-4087-9119-A590F7D36CA4}.Debug|Any CPU.ActiveCfg = Debug|Any CPU
		{9E7594EF-76BF-4087-9119-A590F7D36CA4}.Debug|Any CPU.Build.0 = Debug|Any CPU
		{9E7594EF-76BF-4087-9119-A590F7D36CA4}.Release|Any CPU.ActiveCfg = Release|Any CPU
		{9E7594EF-76BF-4087-9119-A590F7D36CA4}.Release|Any CPU.Build.0 = Release|Any CPU
	EndGlobalSection
	GlobalSection(SolutionProperties) = preSolution
		HideSolutionNode = FALSE
	EndGlobalSection
	GlobalSection(ExtensibilityGlobals) = postSolution
		SolutionGuid = {0425EDB9-DB14-4D94-B8E8-BCEADFFCDE50}
	EndGlobalSection
EndGlobal
